// !$*UTF8*$!
{
	archiveVersion = 1;
	classes = {
	};
	objectVersion = 56;
	objects = {

/* Begin PBXBuildFile section */
		B10000000000000000000001 /* NFGWordsApp.swift in Sources */ = {isa = PBXBuildFile; fileRef = B10000000000000000000011 /* NFGWordsApp.swift */; };
		B10000000000000000000002 /* ContentView.swift in Sources */ = {isa = PBXBuildFile; fileRef = B10000000000000000000012 /* ContentView.swift */; };
		B10000000000000000000003 /* NFGTheme.swift in Sources */ = {isa = PBXBuildFile; fileRef = B10000000000000000000013 /* NFGTheme.swift */; };
		B100000000000000000000D0 /* NFGPolish.swift in Sources */ = {isa = PBXBuildFile; fileRef = B100000000000000000000D1 /* NFGPolish.swift */; };
		B10000000000000000000004 /* GameModels.swift in Sources */ = {isa = PBXBuildFile; fileRef = B10000000000000000000014 /* GameModels.swift */; };
		B10000000000000000000005 /* ScoreStore.swift in Sources */ = {isa = PBXBuildFile; fileRef = B10000000000000000000015 /* ScoreStore.swift */; };
		B100000000000000000000E0 /* PlayerKeychain.swift in Sources */ = {isa = PBXBuildFile; fileRef = B100000000000000000000E1 /* PlayerKeychain.swift */; };
		B10000000000000000000006 /* LevelStore.swift in Sources */ = {isa = PBXBuildFile; fileRef = B10000000000000000000016 /* LevelStore.swift */; };
		B10000000000000000000007 /* WordDictionary.swift in Sources */ = {isa = PBXBuildFile; fileRef = B10000000000000000000017 /* WordDictionary.swift */; };
		B10000000000000000000008 /* HubView.swift in Sources */ = {isa = PBXBuildFile; fileRef = B10000000000000000000018 /* HubView.swift */; };
		B10000000000000000000009 /* ScoresView.swift in Sources */ = {isa = PBXBuildFile; fileRef = B10000000000000000000019 /* ScoresView.swift */; };
		B1000000000000000000000A /* WordWheelView.swift in Sources */ = {isa = PBXBuildFile; fileRef = B1000000000000000000001A /* WordWheelView.swift */; };
		B100000000000000000000F0 /* NFGAnimatedBackground.swift in Sources */ = {isa = PBXBuildFile; fileRef = B100000000000000000000F1 /* NFGAnimatedBackground.swift */; };
		B1000000000000000000000B /* LetterWheelView.swift in Sources */ = {isa = PBXBuildFile; fileRef = B1000000000000000000001B /* LetterWheelView.swift */; };
		B1000000000000000000000C /* PuzzleGridView.swift in Sources */ = {isa = PBXBuildFile; fileRef = B1000000000000000000001C /* PuzzleGridView.swift */; };
		B1000000000000000000000D /* NFGWordsLogo.swift in Sources */ = {isa = PBXBuildFile; fileRef = B1000000000000000000001D /* NFGWordsLogo.swift */; };
		B10000000000000000000023 /* WordFeedbackToast.swift in Sources */ = {isa = PBXBuildFile; fileRef = B10000000000000000000024 /* WordFeedbackToast.swift */; };
		B10000000000000000000025 /* FoundWordsStrip.swift in Sources */ = {isa = PBXBuildFile; fileRef = B10000000000000000000026 /* FoundWordsStrip.swift */; };
		B1000000000000000000003A /* RoundClearedView.swift in Sources */ = {isa = PBXBuildFile; fileRef = B1000000000000000000003B /* RoundClearedView.swift */; };
		B1000000000000000000003C /* AppLegalConfig.swift in Sources */ = {isa = PBXBuildFile; fileRef = B1000000000000000000003D /* AppLegalConfig.swift */; };
		B100000000000000000000C3 /* AdminConfig.swift in Sources */ = {isa = PBXBuildFile; fileRef = B100000000000000000000C4 /* AdminConfig.swift */; };
		B1000000000000000000003E /* LegalDocumentView.swift in Sources */ = {isa = PBXBuildFile; fileRef = B1000000000000000000003F /* LegalDocumentView.swift */; };
		B100000000000000000000A1 /* PrivacyInfo.xcprivacy in Resources */ = {isa = PBXBuildFile; fileRef = B100000000000000000000A2 /* PrivacyInfo.xcprivacy */; };
		B10000000000000000000027 /* ProfanityFilter.swift in Sources */ = {isa = PBXBuildFile; fileRef = B1000000000000000000002A /* ProfanityFilter.swift */; };
		B10000000000000000000028 /* APIConfig.swift in Sources */ = {isa = PBXBuildFile; fileRef = B1000000000000000000002B /* APIConfig.swift */; };
		B10000000000000000000029 /* LeaderboardAPI.swift in Sources */ = {isa = PBXBuildFile; fileRef = B1000000000000000000002C /* LeaderboardAPI.swift */; };
		B1000000000000000000002D /* UsernamePromptView.swift in Sources */ = {isa = PBXBuildFile; fileRef = B1000000000000000000002E /* UsernamePromptView.swift */; };
		B1000000000000000000002F /* LeaderboardView.swift in Sources */ = {isa = PBXBuildFile; fileRef = B10000000000000000000035 /* LeaderboardView.swift */; };
		B10000000000000000000036 /* GameServerConfig.swift in Sources */ = {isa = PBXBuildFile; fileRef = B10000000000000000000037 /* GameServerConfig.swift */; };
		B1000000000000000000000E /* Assets.xcassets in Resources */ = {isa = PBXBuildFile; fileRef = B1000000000000000000001E /* Assets.xcassets */; };
		B1000000000000000000000F /* wordwheel-levels.json in Resources */ = {isa = PBXBuildFile; fileRef = B1000000000000000000001F /* wordwheel-levels.json */; };
		B10000000000000000000022 /* english-dictionary.json in Resources */ = {isa = PBXBuildFile; fileRef = B10000000000000000000021 /* english-dictionary.json */; };
		B100000000000000000000B0 /* WordwichView.swift in Sources */ = {isa = PBXBuildFile; fileRef = B100000000000000000000B1 /* WordwichView.swift */; };
		B100000000000000000000B2 /* WordwichDictionary.swift in Sources */ = {isa = PBXBuildFile; fileRef = B100000000000000000000B3 /* WordwichDictionary.swift */; };
		B100000000000000000000B4 /* WordwichAPI.swift in Sources */ = {isa = PBXBuildFile; fileRef = B100000000000000000000B5 /* WordwichAPI.swift */; };
		B100000000000000000000B8 /* GameScoring.swift in Sources */ = {isa = PBXBuildFile; fileRef = B100000000000000000000B9 /* GameScoring.swift */; };
		B100000000000000000000B6 /* wordwich-dictionary.json in Resources */ = {isa = PBXBuildFile; fileRef = B100000000000000000000B7 /* wordwich-dictionary.json */; };
		B100000000000000000000BA /* EditUsernameSheet.swift in Sources */ = {isa = PBXBuildFile; fileRef = B100000000000000000000BB /* EditUsernameSheet.swift */; };
		B100000000000000000000BC /* RewardUnlocks.swift in Sources */ = {isa = PBXBuildFile; fileRef = B100000000000000000000BE /* RewardUnlocks.swift */; };
		B100000000000000000000BD /* RewardUnlockViews.swift in Sources */ = {isa = PBXBuildFile; fileRef = B100000000000000000000BF /* RewardUnlockViews.swift */; };
		B100000000000000000000C0 /* WordwheelProgress.swift in Sources */ = {isa = PBXBuildFile; fileRef = B100000000000000000000C2 /* WordwheelProgress.swift */; };
		B100000000000000000000C9 /* BonusRoundStore.swift in Sources */ = {isa = PBXBuildFile; fileRef = B100000000000000000000C5 /* BonusRoundStore.swift */; };
		B100000000000000000000CD /* NFGCoinsVault.swift in Sources */ = {isa = PBXBuildFile; fileRef = B100000000000000000000CE /* NFGCoinsVault.swift */; };
		B100000000000000000000CA /* BonusRoundOfferView.swift in Sources */ = {isa = PBXBuildFile; fileRef = B100000000000000000000C6 /* BonusRoundOfferView.swift */; };
		B100000000000000000000CB /* WordWheelBonusView.swift in Sources */ = {isa = PBXBuildFile; fileRef = B100000000000000000000C7 /* WordWheelBonusView.swift */; };
		B100000000000000000000CC /* bonus-round-packs.json in Resources */ = {isa = PBXBuildFile; fileRef = B100000000000000000000C8 /* bonus-round-packs.json */; };
		B100000000000000000000D2 /* ThemePalette.swift in Sources */ = {isa = PBXBuildFile; fileRef = B100000000000000000000D3 /* ThemePalette.swift */; };
		B100000000000000000000D4 /* ThemeStore.swift in Sources */ = {isa = PBXBuildFile; fileRef = B100000000000000000000D5 /* ThemeStore.swift */; };
		B100000000000000000000D6 /* StyleView.swift in Sources */ = {isa = PBXBuildFile; fileRef = B100000000000000000000D7 /* StyleView.swift */; };
		B100000000000000000000D8 /* DailyMissions.swift in Sources */ = {isa = PBXBuildFile; fileRef = B100000000000000000000D9 /* DailyMissions.swift */; };
		B100000000000000000000DA /* DailyMissionsVault.swift in Sources */ = {isa = PBXBuildFile; fileRef = B100000000000000000000DB /* DailyMissionsVault.swift */; };
		B100000000000000000000DC /* DailyMissionsCard.swift in Sources */ = {isa = PBXBuildFile; fileRef = B100000000000000000000DD /* DailyMissionsCard.swift */; };
		B100000000000000000000DE /* NFGCoinIcon.swift in Sources */ = {isa = PBXBuildFile; fileRef = B100000000000000000000DF /* NFGCoinIcon.swift */; };
		B100000000000000000000E2 /* DeviceInstall.swift in Sources */ = {isa = PBXBuildFile; fileRef = B100000000000000000000E3 /* DeviceInstall.swift */; };
		B100000000000000000000E4 /* WordwichWordPolicy.swift in Sources */ = {isa = PBXBuildFile; fileRef = B100000000000000000000E5 /* WordwichWordPolicy.swift */; };
		B100000000000000000000E6 /* BonusRoundLayout.swift in Sources */ = {isa = PBXBuildFile; fileRef = B100000000000000000000E7 /* BonusRoundLayout.swift */; };
		B100000000000000000000E8 /* TimedWordWheelView.swift in Sources */ = {isa = PBXBuildFile; fileRef = B100000000000000000000E9 /* TimedWordWheelView.swift */; };
		B100000000000000000000EA /* ProceduralLevelEngine.swift in Sources */ = {isa = PBXBuildFile; fileRef = B100000000000000000000EB /* ProceduralLevelEngine.swift */; };
		B100000000000000000000EC /* CrosswordPlacer.swift in Sources */ = {isa = PBXBuildFile; fileRef = B100000000000000000000ED /* CrosswordPlacer.swift */; };
/* End PBXBuildFile section */

/* Begin PBXFileReference section */
		B10000000000000000000010 /* NFGWords.app */ = {isa = PBXFileReference; explicitFileType = wrapper.application; includeInIndex = 0; path = NFGWords.app; sourceTree = BUILT_PRODUCTS_DIR; };
		B10000000000000000000011 /* NFGWordsApp.swift */ = {isa = PBXFileReference; lastKnownFileType = sourcecode.swift; path = NFGWordsApp.swift; sourceTree = "<group>"; };
		B10000000000000000000012 /* ContentView.swift */ = {isa = PBXFileReference; lastKnownFileType = sourcecode.swift; path = ContentView.swift; sourceTree = "<group>"; };
		B10000000000000000000013 /* NFGTheme.swift */ = {isa = PBXFileReference; lastKnownFileType = sourcecode.swift; path = NFGTheme.swift; sourceTree = "<group>"; };
		B100000000000000000000D1 /* NFGPolish.swift */ = {isa = PBXFileReference; lastKnownFileType = sourcecode.swift; path = NFGPolish.swift; sourceTree = "<group>"; };
		B10000000000000000000014 /* GameModels.swift */ = {isa = PBXFileReference; lastKnownFileType = sourcecode.swift; path = GameModels.swift; sourceTree = "<group>"; };
		B10000000000000000000015 /* ScoreStore.swift */ = {isa = PBXFileReference; lastKnownFileType = sourcecode.swift; path = ScoreStore.swift; sourceTree = "<group>"; };
		B100000000000000000000E1 /* PlayerKeychain.swift */ = {isa = PBXFileReference; lastKnownFileType = sourcecode.swift; path = PlayerKeychain.swift; sourceTree = "<group>"; };
		B10000000000000000000016 /* LevelStore.swift */ = {isa = PBXFileReference; lastKnownFileType = sourcecode.swift; path = LevelStore.swift; sourceTree = "<group>"; };
		B10000000000000000000017 /* WordDictionary.swift */ = {isa = PBXFileReference; lastKnownFileType = sourcecode.swift; path = WordDictionary.swift; sourceTree = "<group>"; };
		B10000000000000000000018 /* HubView.swift */ = {isa = PBXFileReference; lastKnownFileType = sourcecode.swift; path = HubView.swift; sourceTree = "<group>"; };
		B10000000000000000000019 /* ScoresView.swift */ = {isa = PBXFileReference; lastKnownFileType = sourcecode.swift; path = ScoresView.swift; sourceTree = "<group>"; };
		B1000000000000000000001A /* WordWheelView.swift */ = {isa = PBXFileReference; lastKnownFileType = sourcecode.swift; path = WordWheelView.swift; sourceTree = "<group>"; };
		B100000000000000000000F1 /* NFGAnimatedBackground.swift */ = {isa = PBXFileReference; lastKnownFileType = sourcecode.swift; path = NFGAnimatedBackground.swift; sourceTree = "<group>"; };
		B1000000000000000000001B /* LetterWheelView.swift */ = {isa = PBXFileReference; lastKnownFileType = sourcecode.swift; path = LetterWheelView.swift; sourceTree = "<group>"; };
		B1000000000000000000001C /* PuzzleGridView.swift */ = {isa = PBXFileReference; lastKnownFileType = sourcecode.swift; path = PuzzleGridView.swift; sourceTree = "<group>"; };
		B1000000000000000000001D /* NFGWordsLogo.swift */ = {isa = PBXFileReference; lastKnownFileType = sourcecode.swift; path = NFGWordsLogo.swift; sourceTree = "<group>"; };
		B1000000000000000000001E /* Assets.xcassets */ = {isa = PBXFileReference; lastKnownFileType = folder.assetcatalog; path = Assets.xcassets; sourceTree = "<group>"; };
		B1000000000000000000001F /* wordwheel-levels.json */ = {isa = PBXFileReference; lastKnownFileType = text.json; path = "wordwheel-levels.json"; sourceTree = "<group>"; };
		B10000000000000000000020 /* Info.plist */ = {isa = PBXFileReference; lastKnownFileType = text.plist.xml; path = Info.plist; sourceTree = "<group>"; };
		B10000000000000000000021 /* english-dictionary.json */ = {isa = PBXFileReference; lastKnownFileType = text.json; path = "english-dictionary.json"; sourceTree = "<group>"; };
		B100000000000000000000B1 /* WordwichView.swift */ = {isa = PBXFileReference; lastKnownFileType = sourcecode.swift; path = WordwichView.swift; sourceTree = "<group>"; };
		B100000000000000000000B3 /* WordwichDictionary.swift */ = {isa = PBXFileReference; lastKnownFileType = sourcecode.swift; path = WordwichDictionary.swift; sourceTree = "<group>"; };
		B100000000000000000000B5 /* WordwichAPI.swift */ = {isa = PBXFileReference; lastKnownFileType = sourcecode.swift; path = WordwichAPI.swift; sourceTree = "<group>"; };
		B100000000000000000000B9 /* GameScoring.swift */ = {isa = PBXFileReference; lastKnownFileType = sourcecode.swift; path = GameScoring.swift; sourceTree = "<group>"; };
		B100000000000000000000B7 /* wordwich-dictionary.json */ = {isa = PBXFileReference; lastKnownFileType = text.json; path = "wordwich-dictionary.json"; sourceTree = "<group>"; };
		B10000000000000000000024 /* WordFeedbackToast.swift */ = {isa = PBXFileReference; lastKnownFileType = sourcecode.swift; path = WordFeedbackToast.swift; sourceTree = "<group>"; };
		B10000000000000000000026 /* FoundWordsStrip.swift */ = {isa = PBXFileReference; lastKnownFileType = sourcecode.swift; path = FoundWordsStrip.swift; sourceTree = "<group>"; };
		B1000000000000000000003B /* RoundClearedView.swift */ = {isa = PBXFileReference; lastKnownFileType = sourcecode.swift; path = RoundClearedView.swift; sourceTree = "<group>"; };
		B1000000000000000000003D /* AppLegalConfig.swift */ = {isa = PBXFileReference; lastKnownFileType = sourcecode.swift; path = AppLegalConfig.swift; sourceTree = "<group>"; };
		B100000000000000000000C4 /* AdminConfig.swift */ = {isa = PBXFileReference; lastKnownFileType = sourcecode.swift; path = AdminConfig.swift; sourceTree = "<group>"; };
		B1000000000000000000003F /* LegalDocumentView.swift */ = {isa = PBXFileReference; lastKnownFileType = sourcecode.swift; path = LegalDocumentView.swift; sourceTree = "<group>"; };
		B100000000000000000000A2 /* PrivacyInfo.xcprivacy */ = {isa = PBXFileReference; lastKnownFileType = text.xml; path = PrivacyInfo.xcprivacy; sourceTree = "<group>"; };
		B1000000000000000000002A /* ProfanityFilter.swift */ = {isa = PBXFileReference; lastKnownFileType = sourcecode.swift; path = ProfanityFilter.swift; sourceTree = "<group>"; };
		B1000000000000000000002B /* APIConfig.swift */ = {isa = PBXFileReference; lastKnownFileType = sourcecode.swift; path = APIConfig.swift; sourceTree = "<group>"; };
		B1000000000000000000002C /* LeaderboardAPI.swift */ = {isa = PBXFileReference; lastKnownFileType = sourcecode.swift; path = LeaderboardAPI.swift; sourceTree = "<group>"; };
		B1000000000000000000002E /* UsernamePromptView.swift */ = {isa = PBXFileReference; lastKnownFileType = sourcecode.swift; path = UsernamePromptView.swift; sourceTree = "<group>"; };
		B10000000000000000000035 /* LeaderboardView.swift */ = {isa = PBXFileReference; lastKnownFileType = sourcecode.swift; path = LeaderboardView.swift; sourceTree = "<group>"; };
		B10000000000000000000037 /* GameServerConfig.swift */ = {isa = PBXFileReference; lastKnownFileType = sourcecode.swift; path = GameServerConfig.swift; sourceTree = "<group>"; };
		B100000000000000000000BB /* EditUsernameSheet.swift */ = {isa = PBXFileReference; lastKnownFileType = sourcecode.swift; path = EditUsernameSheet.swift; sourceTree = "<group>"; };
		B100000000000000000000BE /* RewardUnlocks.swift */ = {isa = PBXFileReference; lastKnownFileType = sourcecode.swift; path = RewardUnlocks.swift; sourceTree = "<group>"; };
		B100000000000000000000BF /* RewardUnlockViews.swift */ = {isa = PBXFileReference; lastKnownFileType = sourcecode.swift; path = RewardUnlockViews.swift; sourceTree = "<group>"; };
		B100000000000000000000C2 /* WordwheelProgress.swift */ = {isa = PBXFileReference; lastKnownFileType = sourcecode.swift; path = WordwheelProgress.swift; sourceTree = "<group>"; };
		B100000000000000000000C5 /* BonusRoundStore.swift */ = {isa = PBXFileReference; lastKnownFileType = sourcecode.swift; path = BonusRoundStore.swift; sourceTree = "<group>"; };
		B100000000000000000000C6 /* BonusRoundOfferView.swift */ = {isa = PBXFileReference; lastKnownFileType = sourcecode.swift; path = BonusRoundOfferView.swift; sourceTree = "<group>"; };
		B100000000000000000000C7 /* WordWheelBonusView.swift */ = {isa = PBXFileReference; lastKnownFileType = sourcecode.swift; path = WordWheelBonusView.swift; sourceTree = "<group>"; };
		B100000000000000000000C8 /* bonus-round-packs.json */ = {isa = PBXFileReference; lastKnownFileType = text.json; path = "bonus-round-packs.json"; sourceTree = "<group>"; };
		B100000000000000000000CE /* NFGCoinsVault.swift */ = {isa = PBXFileReference; lastKnownFileType = sourcecode.swift; path = NFGCoinsVault.swift; sourceTree = "<group>"; };
		B100000000000000000000D3 /* ThemePalette.swift */ = {isa = PBXFileReference; lastKnownFileType = sourcecode.swift; path = ThemePalette.swift; sourceTree = "<group>"; };
		B100000000000000000000D5 /* ThemeStore.swift */ = {isa = PBXFileReference; lastKnownFileType = sourcecode.swift; path = ThemeStore.swift; sourceTree = "<group>"; };
		B100000000000000000000D7 /* StyleView.swift */ = {isa = PBXFileReference; lastKnownFileType = sourcecode.swift; path = StyleView.swift; sourceTree = "<group>"; };
		B100000000000000000000D9 /* DailyMissions.swift */ = {isa = PBXFileReference; lastKnownFileType = sourcecode.swift; path = DailyMissions.swift; sourceTree = "<group>"; };
		B100000000000000000000DB /* DailyMissionsVault.swift */ = {isa = PBXFileReference; lastKnownFileType = sourcecode.swift; path = DailyMissionsVault.swift; sourceTree = "<group>"; };
		B100000000000000000000DD /* DailyMissionsCard.swift */ = {isa = PBXFileReference; lastKnownFileType = sourcecode.swift; path = DailyMissionsCard.swift; sourceTree = "<group>"; };
		B100000000000000000000DF /* NFGCoinIcon.swift */ = {isa = PBXFileReference; lastKnownFileType = sourcecode.swift; path = NFGCoinIcon.swift; sourceTree = "<group>"; };
		B100000000000000000000E3 /* DeviceInstall.swift */ = {isa = PBXFileReference; lastKnownFileType = sourcecode.swift; path = DeviceInstall.swift; sourceTree = "<group>"; };
		B100000000000000000000E5 /* WordwichWordPolicy.swift */ = {isa = PBXFileReference; lastKnownFileType = sourcecode.swift; path = WordwichWordPolicy.swift; sourceTree = "<group>"; };
		B100000000000000000000E7 /* BonusRoundLayout.swift */ = {isa = PBXFileReference; lastKnownFileType = sourcecode.swift; path = BonusRoundLayout.swift; sourceTree = "<group>"; };
		B100000000000000000000E9 /* TimedWordWheelView.swift */ = {isa = PBXFileReference; lastKnownFileType = sourcecode.swift; path = TimedWordWheelView.swift; sourceTree = "<group>"; };
		B100000000000000000000EB /* ProceduralLevelEngine.swift */ = {isa = PBXFileReference; lastKnownFileType = sourcecode.swift; path = ProceduralLevelEngine.swift; sourceTree = "<group>"; };
		B100000000000000000000ED /* CrosswordPlacer.swift */ = {isa = PBXFileReference; lastKnownFileType = sourcecode.swift; path = CrosswordPlacer.swift; sourceTree = "<group>"; };
/* End PBXFileReference section */

/* Begin PBXFrameworksBuildPhase section */
		B10000000000000000000030 /* Frameworks */ = {
			isa = PBXFrameworksBuildPhase;
			buildActionMask = 2147483647;
			files = (
			);
			runOnlyForDeploymentPostprocessing = 0;
		};
/* End PBXFrameworksBuildPhase section */

/* Begin PBXGroup section */
		B10000000000000000000040 = {
			isa = PBXGroup;
			children = (
				B10000000000000000000041 /* NFGWords */,
				B10000000000000000000042 /* Products */,
			);
			sourceTree = "<group>";
		};
		B10000000000000000000041 /* NFGWords */ = {
			isa = PBXGroup;
			children = (
				B10000000000000000000011 /* NFGWordsApp.swift */,
				B10000000000000000000012 /* ContentView.swift */,
				B10000000000000000000043 /* Theme */,
				B10000000000000000000038 /* Config */,
				B10000000000000000000044 /* Models */,
				B10000000000000000000045 /* Services */,
				B10000000000000000000046 /* Views */,
				B10000000000000000000047 /* Resources */,
				B1000000000000000000001E /* Assets.xcassets */,
				B10000000000000000000020 /* Info.plist */,
				B100000000000000000000A2 /* PrivacyInfo.xcprivacy */,
			);
			path = NFGWords;
			sourceTree = "<group>";
		};
		B10000000000000000000042 /* Products */ = {
			isa = PBXGroup;
			children = (
				B10000000000000000000010 /* NFGWords.app */,
			);
			name = Products;
			sourceTree = "<group>";
		};
		B10000000000000000000043 /* Theme */ = {
			isa = PBXGroup;
			children = (
				B10000000000000000000013 /* NFGTheme.swift */,
				B100000000000000000000D3 /* ThemePalette.swift */,
				B100000000000000000000D1 /* NFGPolish.swift */,
			);
			path = Theme;
			sourceTree = "<group>";
		};
		B10000000000000000000038 /* Config */ = {
			isa = PBXGroup;
			children = (
				B10000000000000000000037 /* GameServerConfig.swift */,
				B1000000000000000000003D /* AppLegalConfig.swift */,
				B100000000000000000000C4 /* AdminConfig.swift */,
			);
			path = Config;
			sourceTree = "<group>";
		};
		B10000000000000000000044 /* Models */ = {
			isa = PBXGroup;
			children = (
				B10000000000000000000014 /* GameModels.swift */,
				B100000000000000000000BE /* RewardUnlocks.swift */,
				B100000000000000000000D9 /* DailyMissions.swift */,
			);
			path = Models;
			sourceTree = "<group>";
		};
		B10000000000000000000045 /* Services */ = {
			isa = PBXGroup;
			children = (
				B10000000000000000000015 /* ScoreStore.swift */,
				B100000000000000000000E1 /* PlayerKeychain.swift */,
				B10000000000000000000016 /* LevelStore.swift */,
				B10000000000000000000017 /* WordDictionary.swift */,
				B1000000000000000000002A /* ProfanityFilter.swift */,
				B1000000000000000000002B /* APIConfig.swift */,
				B1000000000000000000002C /* LeaderboardAPI.swift */,
				B100000000000000000000B3 /* WordwichDictionary.swift */,
				B100000000000000000000E5 /* WordwichWordPolicy.swift */,
				B100000000000000000000E7 /* BonusRoundLayout.swift */,
				B100000000000000000000EB /* ProceduralLevelEngine.swift */,
				B100000000000000000000ED /* CrosswordPlacer.swift */,
				B100000000000000000000B5 /* WordwichAPI.swift */,
				B100000000000000000000B9 /* GameScoring.swift */,
				B100000000000000000000C2 /* WordwheelProgress.swift */,
				B100000000000000000000C5 /* BonusRoundStore.swift */,
				B100000000000000000000CE /* NFGCoinsVault.swift */,
				B100000000000000000000D5 /* ThemeStore.swift */,
				B100000000000000000000DB /* DailyMissionsVault.swift */,
				B100000000000000000000E3 /* DeviceInstall.swift */,
			);
			path = Services;
			sourceTree = "<group>";
		};
		B10000000000000000000046 /* Views */ = {
			isa = PBXGroup;
			children = (
				B1000000000000000000001D /* NFGWordsLogo.swift */,
				B100000000000000000000F1 /* NFGAnimatedBackground.swift */,
				B10000000000000000000018 /* HubView.swift */,
				B10000000000000000000019 /* ScoresView.swift */,
				B1000000000000000000001A /* WordWheelView.swift */,
				B100000000000000000000E9 /* TimedWordWheelView.swift */,
				B1000000000000000000001B /* LetterWheelView.swift */,
				B1000000000000000000001C /* PuzzleGridView.swift */,
				B10000000000000000000024 /* WordFeedbackToast.swift */,
				B10000000000000000000026 /* FoundWordsStrip.swift */,
				B1000000000000000000003B /* RoundClearedView.swift */,
				B1000000000000000000003F /* LegalDocumentView.swift */,
				B1000000000000000000002E /* UsernamePromptView.swift */,
				B100000000000000000000BB /* EditUsernameSheet.swift */,
				B10000000000000000000035 /* LeaderboardView.swift */,
				B100000000000000000000B1 /* WordwichView.swift */,
				B100000000000000000000BF /* RewardUnlockViews.swift */,
				B100000000000000000000C6 /* BonusRoundOfferView.swift */,
				B100000000000000000000C7 /* WordWheelBonusView.swift */,
				B100000000000000000000D7 /* StyleView.swift */,
				B100000000000000000000DD /* DailyMissionsCard.swift */,
				B100000000000000000000DF /* NFGCoinIcon.swift */,
			);
			path = Views;
			sourceTree = "<group>";
		};
		B10000000000000000000047 /* Resources */ = {
			isa = PBXGroup;
			children = (
				B1000000000000000000001F /* wordwheel-levels.json */,
				B10000000000000000000021 /* english-dictionary.json */,
				B100000000000000000000B7 /* wordwich-dictionary.json */,
				B100000000000000000000C8 /* bonus-round-packs.json */,
			);
			path = Resources;
			sourceTree = "<group>";
		};
/* End PBXGroup section */

/* Begin PBXNativeTarget section */
		B10000000000000000000050 /* NFGWords */ = {
			isa = PBXNativeTarget;
			buildConfigurationList = B10000000000000000000070 /* Build configuration list for PBXNativeTarget "NFGWords" */;
			buildPhases = (
				B10000000000000000000051 /* Sources */,
				B10000000000000000000030 /* Frameworks */,
				B10000000000000000000052 /* Resources */,
			);
			buildRules = (
			);
			dependencies = (
			);
			name = NFGWords;
			productName = NFGWords;
			productReference = B10000000000000000000010 /* NFGWords.app */;
			productType = "com.apple.product-type.application";
		};
/* End PBXNativeTarget section */

/* Begin PBXProject section */
		B10000000000000000000060 /* Project object */ = {
			isa = PBXProject;
			attributes = {
				BuildIndependentTargetsInParallel = 1;
				LastSwiftUpdateCheck = 1600;
				LastUpgradeCheck = 1600;
			};
			buildConfigurationList = B10000000000000000000071 /* Build configuration list for PBXProject "NFGWords" */;
			compatibilityVersion = "Xcode 14.0";
			developmentRegion = en;
			hasScannedForEncodings = 0;
			knownRegions = (
				en,
				Base,
			);
			mainGroup = B10000000000000000000040;
			productRefGroup = B10000000000000000000042 /* Products */;
			projectDirPath = "";
			projectRoot = "";
			targets = (
				B10000000000000000000050 /* NFGWords */,
			);
		};
/* End PBXProject section */

/* Begin PBXResourcesBuildPhase section */
		B10000000000000000000052 /* Resources */ = {
			isa = PBXResourcesBuildPhase;
			buildActionMask = 2147483647;
			files = (
				B1000000000000000000000E /* Assets.xcassets in Resources */,
				B1000000000000000000000F /* wordwheel-levels.json in Resources */,
				B10000000000000000000022 /* english-dictionary.json in Resources */,
				B100000000000000000000B6 /* wordwich-dictionary.json in Resources */,
				B100000000000000000000A1 /* PrivacyInfo.xcprivacy in Resources */,
				B100000000000000000000CC /* bonus-round-packs.json in Resources */,
			);
			runOnlyForDeploymentPostprocessing = 0;
		};
/* End PBXResourcesBuildPhase section */

/* Begin PBXSourcesBuildPhase section */
		B10000000000000000000051 /* Sources */ = {
			isa = PBXSourcesBuildPhase;
			buildActionMask = 2147483647;
			files = (
				B10000000000000000000001 /* NFGWordsApp.swift in Sources */,
				B10000000000000000000002 /* ContentView.swift in Sources */,
				B10000000000000000000003 /* NFGTheme.swift in Sources */,
				B100000000000000000000D0 /* NFGPolish.swift in Sources */,
				B10000000000000000000004 /* GameModels.swift in Sources */,
				B10000000000000000000005 /* ScoreStore.swift in Sources */,
				B100000000000000000000E0 /* PlayerKeychain.swift in Sources */,
				B10000000000000000000006 /* LevelStore.swift in Sources */,
				B10000000000000000000007 /* WordDictionary.swift in Sources */,
				B10000000000000000000008 /* HubView.swift in Sources */,
				B10000000000000000000009 /* ScoresView.swift in Sources */,
				B1000000000000000000000A /* WordWheelView.swift in Sources */,
				B100000000000000000000F0 /* NFGAnimatedBackground.swift in Sources */,
				B1000000000000000000000B /* LetterWheelView.swift in Sources */,
				B1000000000000000000000C /* PuzzleGridView.swift in Sources */,
				B1000000000000000000000D /* NFGWordsLogo.swift in Sources */,
				B10000000000000000000023 /* WordFeedbackToast.swift in Sources */,
				B10000000000000000000025 /* FoundWordsStrip.swift in Sources */,
				B1000000000000000000003A /* RoundClearedView.swift in Sources */,
				B1000000000000000000003C /* AppLegalConfig.swift in Sources */,
				B100000000000000000000C3 /* AdminConfig.swift in Sources */,
				B1000000000000000000003E /* LegalDocumentView.swift in Sources */,
				B10000000000000000000027 /* ProfanityFilter.swift in Sources */,
				B10000000000000000000028 /* APIConfig.swift in Sources */,
				B10000000000000000000029 /* LeaderboardAPI.swift in Sources */,
				B100000000000000000000B2 /* WordwichDictionary.swift in Sources */,
				B100000000000000000000B4 /* WordwichAPI.swift in Sources */,
				B100000000000000000000B8 /* GameScoring.swift in Sources */,
				B100000000000000000000B0 /* WordwichView.swift in Sources */,
				B1000000000000000000002D /* UsernamePromptView.swift in Sources */,
				B100000000000000000000BA /* EditUsernameSheet.swift in Sources */,
				B1000000000000000000002F /* LeaderboardView.swift in Sources */,
				B10000000000000000000036 /* GameServerConfig.swift in Sources */,
				B100000000000000000000BC /* RewardUnlocks.swift in Sources */,
				B100000000000000000000BD /* RewardUnlockViews.swift in Sources */,
				B100000000000000000000C0 /* WordwheelProgress.swift in Sources */,
				B100000000000000000000C9 /* BonusRoundStore.swift in Sources */,
				B100000000000000000000CA /* BonusRoundOfferView.swift in Sources */,
				B100000000000000000000CB /* WordWheelBonusView.swift in Sources */,
				B100000000000000000000CD /* NFGCoinsVault.swift in Sources */,
				B100000000000000000000D2 /* ThemePalette.swift in Sources */,
				B100000000000000000000D4 /* ThemeStore.swift in Sources */,
				B100000000000000000000D6 /* StyleView.swift in Sources */,
				B100000000000000000000D8 /* DailyMissions.swift in Sources */,
				B100000000000000000000DA /* DailyMissionsVault.swift in Sources */,
				B100000000000000000000DC /* DailyMissionsCard.swift in Sources */,
				B100000000000000000000DE /* NFGCoinIcon.swift in Sources */,
				B100000000000000000000E2 /* DeviceInstall.swift in Sources */,
				B100000000000000000000E4 /* WordwichWordPolicy.swift in Sources */,
				B100000000000000000000E6 /* BonusRoundLayout.swift in Sources */,
				B100000000000000000000E8 /* TimedWordWheelView.swift in Sources */,
				B100000000000000000000EA /* ProceduralLevelEngine.swift in Sources */,
				B100000000000000000000EC /* CrosswordPlacer.swift in Sources */,
			);
			runOnlyForDeploymentPostprocessing = 0;
		};
/* End PBXSourcesBuildPhase section */

/* Begin XCBuildConfiguration section */
		B10000000000000000000080 /* Debug */ = {
			isa = XCBuildConfiguration;
			buildSettings = {
				ALWAYS_SEARCH_USER_PATHS = NO;
				CLANG_ENABLE_MODULES = YES;
				CLANG_ENABLE_OBJC_ARC = YES;
				COPY_PHASE_STRIP = NO;
				DEBUG_INFORMATION_FORMAT = dwarf;
				ENABLE_TESTABILITY = YES;
				GCC_DYNAMIC_NO_PIC = NO;
				GCC_OPTIMIZATION_LEVEL = 0;
				IPHONEOS_DEPLOYMENT_TARGET = 17.0;
				ONLY_ACTIVE_ARCH = YES;
				SDKROOT = iphoneos;
				SWIFT_ACTIVE_COMPILATION_CONDITIONS = DEBUG;
				SWIFT_OPTIMIZATION_LEVEL = "-Onone";
			};
			name = Debug;
		};
		B10000000000000000000081 /* Release */ = {
			isa = XCBuildConfiguration;
			buildSettings = {
				ALWAYS_SEARCH_USER_PATHS = NO;
				CLANG_ENABLE_MODULES = YES;
				CLANG_ENABLE_OBJC_ARC = YES;
				COPY_PHASE_STRIP = NO;
				DEBUG_INFORMATION_FORMAT = "dwarf-with-dsym";
				IPHONEOS_DEPLOYMENT_TARGET = 17.0;
				SDKROOT = iphoneos;
				SWIFT_COMPILATION_MODE = wholemodule;
				VALIDATE_PRODUCT = YES;
			};
			name = Release;
		};
		B10000000000000000000082 /* Debug */ = {
			isa = XCBuildConfiguration;
			buildSettings = {
				ASSETCATALOG_COMPILER_APPICON_NAME = AppIcon;
				ASSETCATALOG_COMPILER_GLOBAL_ACCENT_COLOR_NAME = AccentColor;
				CODE_SIGN_STYLE = Automatic;
				CURRENT_PROJECT_VERSION = 30;
				DEVELOPMENT_TEAM = VM34N9485F;
				ENABLE_PREVIEWS = YES;
				GENERATE_INFOPLIST_FILE = NO;
				INFOPLIST_FILE = NFGWords/Info.plist;
				INFOPLIST_KEY_CFBundleDisplayName = "NFG Words";
				LD_RUNPATH_SEARCH_PATHS = (
					"$(inherited)",
					"@executable_path/Frameworks",
				);
				MARKETING_VERSION = 1.0;
				PRODUCT_BUNDLE_IDENTIFIER = com.yusufali.nfgwords;
				PRODUCT_NAME = "$(TARGET_NAME)";
				SUPPORTED_PLATFORMS = "iphoneos iphonesimulator";
				SUPPORTS_MACCATALYST = NO;
				SWIFT_EMIT_LOC_STRINGS = YES;
				SWIFT_VERSION = 5.0;
				TARGETED_DEVICE_FAMILY = "1,2";
			};
			name = Debug;
		};
		B10000000000000000000083 /* Release */ = {
			isa = XCBuildConfiguration;
			buildSettings = {
				ASSETCATALOG_COMPILER_APPICON_NAME = AppIcon;
				ASSETCATALOG_COMPILER_GLOBAL_ACCENT_COLOR_NAME = AccentColor;
				CODE_SIGN_STYLE = Automatic;
				CURRENT_PROJECT_VERSION = 30;
				DEVELOPMENT_TEAM = VM34N9485F;
				ENABLE_PREVIEWS = YES;
				GENERATE_INFOPLIST_FILE = NO;
				INFOPLIST_FILE = NFGWords/Info.plist;
				INFOPLIST_KEY_CFBundleDisplayName = "NFG Words";
				LD_RUNPATH_SEARCH_PATHS = (
					"$(inherited)",
					"@executable_path/Frameworks",
				);
				MARKETING_VERSION = 1.0;
				PRODUCT_BUNDLE_IDENTIFIER = com.yusufali.nfgwords;
				PRODUCT_NAME = "$(TARGET_NAME)";
				SUPPORTED_PLATFORMS = "iphoneos iphonesimulator";
				SUPPORTS_MACCATALYST = NO;
				SWIFT_EMIT_LOC_STRINGS = YES;
				SWIFT_VERSION = 5.0;
				TARGETED_DEVICE_FAMILY = "1,2";
			};
			name = Release;
		};
/* End XCBuildConfiguration section */

/* Begin XCConfigurationList section */
		B10000000000000000000070 /* Build configuration list for PBXNativeTarget "NFGWords" */ = {
			isa = XCConfigurationList;
			buildConfigurations = (
				B10000000000000000000082 /* Debug */,
				B10000000000000000000083 /* Release */,
			);
			defaultConfigurationIsVisible = 0;
			defaultConfigurationName = Release;
		};
		B10000000000000000000071 /* Build configuration list for PBXProject "NFGWords" */ = {
			isa = XCConfigurationList;
			buildConfigurations = (
				B10000000000000000000080 /* Debug */,
				B10000000000000000000081 /* Release */,
			);
			defaultConfigurationIsVisible = 0;
			defaultConfigurationName = Release;
		};
/* End XCConfigurationList section */
	};
	rootObject = B10000000000000000000060 /* Project object */;
}
